
Microsoft Visual Studio Solution File, Format Version 12.00
# Visual Studio Version 16
VisualStudioVersion = 16.0.29503.13
MinimumVisualStudioVersion = 10.0.40219.1
Project("{FAE04EC0-301F-11D3-BF4B-00C04F79EFBC}") = "ConsoleAppkau", "ConsoleAppkau\ConsoleAppkau.csproj", "{C5BD6F4C-F6A3-4883-9C00-400909B036BB}"
EndProject
Global
	GlobalSection(SolutionConfigurationPlatforms) = preSolution
		Debug|Any CPU = Debug|Any CPU
		Release|Any CPU = Release|Any CPU
	EndGlobalSection
	GlobalSection(ProjectConfigurationPlatforms) = postSolution
		{C5BD6F4C-F6A3-4883-9C00-400909B036BB}.Debug|Any CPU.ActiveCfg = Debug|Any CPU
		{C5BD6F4C-F6A3-4883-9C00-400909B036BB}.Debug|Any CPU.Build.0 = Debug|Any CPU
		{C5BD6F4C-F6A3-4883-9C00-400909B036BB}.Release|Any CPU.ActiveCfg = Release|Any CPU
		{C5BD6F4C-F6A3-4883-9C00-400909B036BB}.Release|Any CPU.Build.0 = Release|Any CPU
	EndGlobalSection
	GlobalSection(SolutionProperties) = preSolution
		HideSolutionNode = FALSE
	EndGlobalSection
	GlobalSection(ExtensibilityGlobals) = postSolution
		SolutionGuid = {AFEFB17D-4DDE-4BB6-9383-69254C174A5B}
	EndGlobalSection
EndGlobal
